
Microsoft Visual Studio Solution File, Format Version 12.00
# Visual Studio 2012
Project("{FAE04EC0-301F-11D3-BF4B-00C04F79EFBC}") = "vApus.Gui", "vApus.Gui\vApus.Gui.csproj", "{C45D47EE-85F0-4621-AFEB-D4E9CADF9678}"
EndProject
Project("{FAE04EC0-301F-11D3-BF4B-00C04F79EFBC}") = "vApus.SolutionTree", "vApus.SolutionTree\vApus.SolutionTree.csproj", "{4A7F1649-6909-4FBC-B4E2-18CECFE5A144}"
EndProject
Project("{FAE04EC0-301F-11D3-BF4B-00C04F79EFBC}") = "vApus.Stresstest", "vApus.Stresstest\vApus.Stresstest.csproj", "{790522AB-42D5-4C39-83BE-14244D8C3F22}"
EndProject
Project("{FAE04EC0-301F-11D3-BF4B-00C04F79EFBC}") = "vApus.Monitor", "vApus.Monitor\vApus.Monitor.csproj", "{D9306CDF-415E-4037-B9AF-707EE208A510}"
EndProject
Project("{FAE04EC0-301F-11D3-BF4B-00C04F79EFBC}") = "vApus.Link", "vApus.Link\vApus.Link.csproj", "{4C597FE8-D922-4A2A-B47B-2A84E2176DF7}"
EndProject
Project("{FAE04EC0-301F-11D3-BF4B-00C04F79EFBC}") = "vApus.Util", "vApus.Util\vApus.Util.csproj", "{EAFDF189-4D7D-4784-96BC-662D746DEBF8}"
EndProject
Project("{FAE04EC0-301F-11D3-BF4B-00C04F79EFBC}") = "vApus.UpdateToolLoader", "vApus.UpdateToolLoader\vApus.UpdateToolLoader.csproj", "{E5DA40F6-F13D-4BA0-9BB4-34E9FB8A5FC9}"
EndProject
Project("{FAE04EC0-301F-11D3-BF4B-00C04F79EFBC}") = "vApus.UpdateTool", "vApus.UpdateTool\vApus.UpdateTool.csproj", "{1ED4D650-26D8-4D6D-B7D5-9705E37703CC}"
EndProject
Project("{FAE04EC0-301F-11D3-BF4B-00C04F79EFBC}") = "WeifenLuo.WinFormsUI", "WeifenLuo.WinFormsUI\WeifenLuo.WinFormsUI.csproj", "{C75532C4-765B-418E-B09B-46D36B2ABDB1}"
EndProject
Project("{FAE04EC0-301F-11D3-BF4B-00C04F79EFBC}") = "vApus.DistributedTesting", "vApus.DistributedTesting\vApus.DistributedTesting.csproj", "{A766CB72-67C0-4F24-85B5-70B8EB76882A}"
EndProject
Project("{FAE04EC0-301F-11D3-BF4B-00C04F79EFBC}") = "vApus.JumpStartStructures", "vApus.JumpStartStructures\vApus.JumpStartStructures.csproj", "{0B87A110-73F8-496A-B656-9050272CFE7B}"
EndProject
Project("{FAE04EC0-301F-11D3-BF4B-00C04F79EFBC}") = "vApus.LogFixer", "vApus.LogFixer\vApus.LogFixer.csproj", "{C5BA233C-FD27-4FF6-A570-85C233E39ECF}"
EndProject
Project("{FAE04EC0-301F-11D3-BF4B-00C04F79EFBC}") = "vApus.CommitTool", "vApus.CommitTool\vApus.CommitTool.csproj", "{ECC9F609-0B28-4638-8273-B2FE275BFBFF}"
EndProject
Project("{FAE04EC0-301F-11D3-BF4B-00C04F79EFBC}") = "vApus.JumpStart", "vApus.JumpStart\vApus.JumpStart.csproj", "{298815E9-CE67-43AB-9DFA-0A8E6FA0783D}"
EndProject
Project("{FAE04EC0-301F-11D3-BF4B-00C04F79EFBC}") = "vApus.KillvApusAndTools", "vApus.KillvApusAndTools\vApus.KillvApusAndTools.csproj", "{6158C187-16A6-4022-9B2C-ECF8872F1462}"
EndProject
Project("{FAE04EC0-301F-11D3-BF4B-00C04F79EFBC}") = "vApus.REST.Convert", "vApus.REST.Convert\vApus.REST.Convert.csproj", "{9E3D2623-0E60-4883-81A9-73EE8E974439}"
EndProject
Project("{FAE04EC0-301F-11D3-BF4B-00C04F79EFBC}") = "vApus.Results", "vApus.Results\vApus.Results.csproj", "{D9F1BD01-09E8-4CE9-9701-2997D420B250}"
EndProject
Project("{FAE04EC0-301F-11D3-BF4B-00C04F79EFBC}") = "vApus.DetailedResultsViewer", "vApus.DetailedResultsViewer\vApus.DetailedResultsViewer.csproj", "{D45E4598-ECEC-4ED1-ADCF-FA8D2B2D7957}"
EndProject
Project("{FAE04EC0-301F-11D3-BF4B-00C04F79EFBC}") = "SpreadsheetLight", "SpreadsheetLight\SpreadsheetLight.csproj", "{7C7524B1-4C9A-4CB9-A22A-E0AD637C7281}"
EndProject
Global
	GlobalSection(SolutionConfigurationPlatforms) = preSolution
		Debug|Any CPU = Debug|Any CPU
		Debug|Mixed Platforms = Debug|Mixed Platforms
		Debug|x64 = Debug|x64
		Debug|x86 = Debug|x86
		DevelopmentBuild|Any CPU = DevelopmentBuild|Any CPU
		DevelopmentBuild|Mixed Platforms = DevelopmentBuild|Mixed Platforms
		DevelopmentBuild|x64 = DevelopmentBuild|x64
		DevelopmentBuild|x86 = DevelopmentBuild|x86
		Release|Any CPU = Release|Any CPU
		Release|Mixed Platforms = Release|Mixed Platforms
		Release|x64 = Release|x64
		Release|x86 = Release|x86
		TestingBuild|Any CPU = TestingBuild|Any CPU
		TestingBuild|Mixed Platforms = TestingBuild|Mixed Platforms
		TestingBuild|x64 = TestingBuild|x64
		TestingBuild|x86 = TestingBuild|x86
	EndGlobalSection
	GlobalSection(ProjectConfigurationPlatforms) = postSolution
		{C45D47EE-85F0-4621-AFEB-D4E9CADF9678}.Debug|Any CPU.ActiveCfg = Debug|Any CPU
		{C45D47EE-85F0-4621-AFEB-D4E9CADF9678}.Debug|Any CPU.Build.0 = Debug|Any CPU
		{C45D47EE-85F0-4621-AFEB-D4E9CADF9678}.Debug|Mixed Platforms.ActiveCfg = Debug|x64
		{C45D47EE-85F0-4621-AFEB-D4E9CADF9678}.Debug|Mixed Platforms.Build.0 = Debug|x64
		{C45D47EE-85F0-4621-AFEB-D4E9CADF9678}.Debug|x64.ActiveCfg = Debug|x64
		{C45D47EE-85F0-4621-AFEB-D4E9CADF9678}.Debug|x64.Build.0 = Debug|x64
		{C45D47EE-85F0-4621-AFEB-D4E9CADF9678}.Debug|x86.ActiveCfg = Debug|x64
		{C45D47EE-85F0-4621-AFEB-D4E9CADF9678}.DevelopmentBuild|Any CPU.ActiveCfg = DevelopmentBuild|Any CPU
		{C45D47EE-85F0-4621-AFEB-D4E9CADF9678}.DevelopmentBuild|Any CPU.Build.0 = DevelopmentBuild|Any CPU
		{C45D47EE-85F0-4621-AFEB-D4E9CADF9678}.DevelopmentBuild|Mixed Platforms.ActiveCfg = DevelopmentBuild|x64
		{C45D47EE-85F0-4621-AFEB-D4E9CADF9678}.DevelopmentBuild|Mixed Platforms.Build.0 = DevelopmentBuild|x64
		{C45D47EE-85F0-4621-AFEB-D4E9CADF9678}.DevelopmentBuild|x64.ActiveCfg = DevelopmentBuild|x64
		{C45D47EE-85F0-4621-AFEB-D4E9CADF9678}.DevelopmentBuild|x64.Build.0 = DevelopmentBuild|x64
		{C45D47EE-85F0-4621-AFEB-D4E9CADF9678}.DevelopmentBuild|x86.ActiveCfg = DevelopmentBuild|x64
		{C45D47EE-85F0-4621-AFEB-D4E9CADF9678}.Release|Any CPU.ActiveCfg = Release|x64
		{C45D47EE-85F0-4621-AFEB-D4E9CADF9678}.Release|Any CPU.Build.0 = Release|x64
		{C45D47EE-85F0-4621-AFEB-D4E9CADF9678}.Release|Mixed Platforms.ActiveCfg = Release|x64
		{C45D47EE-85F0-4621-AFEB-D4E9CADF9678}.Release|Mixed Platforms.Build.0 = Release|x64
		{C45D47EE-85F0-4621-AFEB-D4E9CADF9678}.Release|x64.ActiveCfg = Release|x64
		{C45D47EE-85F0-4621-AFEB-D4E9CADF9678}.Release|x64.Build.0 = Release|x64
		{C45D47EE-85F0-4621-AFEB-D4E9CADF9678}.Release|x86.ActiveCfg = Release|x64
		{C45D47EE-85F0-4621-AFEB-D4E9CADF9678}.TestingBuild|Any CPU.ActiveCfg = TestingBuild|Any CPU
		{C45D47EE-85F0-4621-AFEB-D4E9CADF9678}.TestingBuild|Any CPU.Build.0 = TestingBuild|Any CPU
		{C45D47EE-85F0-4621-AFEB-D4E9CADF9678}.TestingBuild|Mixed Platforms.ActiveCfg = TestingBuild|x64
		{C45D47EE-85F0-4621-AFEB-D4E9CADF9678}.TestingBuild|Mixed Platforms.Build.0 = TestingBuild|x64
		{C45D47EE-85F0-4621-AFEB-D4E9CADF9678}.TestingBuild|x64.ActiveCfg = TestingBuild|x64
		{C45D47EE-85F0-4621-AFEB-D4E9CADF9678}.TestingBuild|x64.Build.0 = TestingBuild|x64
		{C45D47EE-85F0-4621-AFEB-D4E9CADF9678}.TestingBuild|x86.ActiveCfg = TestingBuild|x64
		{4A7F1649-6909-4FBC-B4E2-18CECFE5A144}.Debug|Any CPU.ActiveCfg = Debug|Any CPU
		{4A7F1649-6909-4FBC-B4E2-18CECFE5A144}.Debug|Any CPU.Build.0 = Debug|Any CPU
		{4A7F1649-6909-4FBC-B4E2-18CECFE5A144}.Debug|Mixed Platforms.ActiveCfg = Debug|x64
		{4A7F1649-6909-4FBC-B4E2-18CECFE5A144}.Debug|Mixed Platforms.Build.0 = Debug|x64
		{4A7F1649-6909-4FBC-B4E2-18CECFE5A144}.Debug|x64.ActiveCfg = Debug|x64
		{4A7F1649-6909-4FBC-B4E2-18CECFE5A144}.Debug|x64.Build.0 = Debug|x64
		{4A7F1649-6909-4FBC-B4E2-18CECFE5A144}.Debug|x86.ActiveCfg = Debug|x64
		{4A7F1649-6909-4FBC-B4E2-18CECFE5A144}.DevelopmentBuild|Any CPU.ActiveCfg = DevelopmentBuild|Any CPU
		{4A7F1649-6909-4FBC-B4E2-18CECFE5A144}.DevelopmentBuild|Any CPU.Build.0 = DevelopmentBuild|Any CPU
		{4A7F1649-6909-4FBC-B4E2-18CECFE5A144}.DevelopmentBuild|Mixed Platforms.ActiveCfg = DevelopmentBuild|x64
		{4A7F1649-6909-4FBC-B4E2-18CECFE5A144}.DevelopmentBuild|Mixed Platforms.Build.0 = DevelopmentBuild|x64
		{4A7F1649-6909-4FBC-B4E2-18CECFE5A144}.DevelopmentBuild|x64.ActiveCfg = DevelopmentBuild|x64
		{4A7F1649-6909-4FBC-B4E2-18CECFE5A144}.DevelopmentBuild|x64.Build.0 = DevelopmentBuild|x64
		{4A7F1649-6909-4FBC-B4E2-18CECFE5A144}.DevelopmentBuild|x86.ActiveCfg = DevelopmentBuild|x64
		{4A7F1649-6909-4FBC-B4E2-18CECFE5A144}.Release|Any CPU.ActiveCfg = Release|x64
		{4A7F1649-6909-4FBC-B4E2-18CECFE5A144}.Release|Any CPU.Build.0 = Release|x64
		{4A7F1649-6909-4FBC-B4E2-18CECFE5A144}.Release|Mixed Platforms.ActiveCfg = Release|x64
		{4A7F1649-6909-4FBC-B4E2-18CECFE5A144}.Release|Mixed Platforms.Build.0 = Release|x64
		{4A7F1649-6909-4FBC-B4E2-18CECFE5A144}.Release|x64.ActiveCfg = Release|x64
		{4A7F1649-6909-4FBC-B4E2-18CECFE5A144}.Release|x64.Build.0 = Release|x64
		{4A7F1649-6909-4FBC-B4E2-18CECFE5A144}.Release|x86.ActiveCfg = Release|x64
		{4A7F1649-6909-4FBC-B4E2-18CECFE5A144}.TestingBuild|Any CPU.ActiveCfg = TestingBuild|Any CPU
		{4A7F1649-6909-4FBC-B4E2-18CECFE5A144}.TestingBuild|Any CPU.Build.0 = TestingBuild|Any CPU
		{4A7F1649-6909-4FBC-B4E2-18CECFE5A144}.TestingBuild|Mixed Platforms.ActiveCfg = TestingBuild|x64
		{4A7F1649-6909-4FBC-B4E2-18CECFE5A144}.TestingBuild|Mixed Platforms.Build.0 = TestingBuild|x64
		{4A7F1649-6909-4FBC-B4E2-18CECFE5A144}.TestingBuild|x64.ActiveCfg = TestingBuild|x64
		{4A7F1649-6909-4FBC-B4E2-18CECFE5A144}.TestingBuild|x64.Build.0 = TestingBuild|x64
		{4A7F1649-6909-4FBC-B4E2-18CECFE5A144}.TestingBuild|x86.ActiveCfg = TestingBuild|x64
		{790522AB-42D5-4C39-83BE-14244D8C3F22}.Debug|Any CPU.ActiveCfg = Debug|Any CPU
		{790522AB-42D5-4C39-83BE-14244D8C3F22}.Debug|Any CPU.Build.0 = Debug|Any CPU
		{790522AB-42D5-4C39-83BE-14244D8C3F22}.Debug|Mixed Platforms.ActiveCfg = Debug|x64
		{790522AB-42D5-4C39-83BE-14244D8C3F22}.Debug|Mixed Platforms.Build.0 = Debug|x64
		{790522AB-42D5-4C39-83BE-14244D8C3F22}.Debug|x64.ActiveCfg = Debug|x64
		{790522AB-42D5-4C39-83BE-14244D8C3F22}.Debug|x64.Build.0 = Debug|x64
		{790522AB-42D5-4C39-83BE-14244D8C3F22}.Debug|x86.ActiveCfg = Debug|x64
		{790522AB-42D5-4C39-83BE-14244D8C3F22}.DevelopmentBuild|Any CPU.ActiveCfg = DevelopmentBuild|Any CPU
		{790522AB-42D5-4C39-83BE-14244D8C3F22}.DevelopmentBuild|Any CPU.Build.0 = DevelopmentBuild|Any CPU
		{790522AB-42D5-4C39-83BE-14244D8C3F22}.DevelopmentBuild|Mixed Platforms.ActiveCfg = DevelopmentBuild|x64
		{790522AB-42D5-4C39-83BE-14244D8C3F22}.DevelopmentBuild|Mixed Platforms.Build.0 = DevelopmentBuild|x64
		{790522AB-42D5-4C39-83BE-14244D8C3F22}.DevelopmentBuild|x64.ActiveCfg = DevelopmentBuild|x64
		{790522AB-42D5-4C39-83BE-14244D8C3F22}.DevelopmentBuild|x64.Build.0 = DevelopmentBuild|x64
		{790522AB-42D5-4C39-83BE-14244D8C3F22}.DevelopmentBuild|x86.ActiveCfg = DevelopmentBuild|x64
		{790522AB-42D5-4C39-83BE-14244D8C3F22}.Release|Any CPU.ActiveCfg = Release|x64
		{790522AB-42D5-4C39-83BE-14244D8C3F22}.Release|Any CPU.Build.0 = Release|x64
		{790522AB-42D5-4C39-83BE-14244D8C3F22}.Release|Mixed Platforms.ActiveCfg = Release|x64
		{790522AB-42D5-4C39-83BE-14244D8C3F22}.Release|Mixed Platforms.Build.0 = Release|x64
		{790522AB-42D5-4C39-83BE-14244D8C3F22}.Release|x64.ActiveCfg = Release|x64
		{790522AB-42D5-4C39-83BE-14244D8C3F22}.Release|x64.Build.0 = Release|x64
		{790522AB-42D5-4C39-83BE-14244D8C3F22}.Release|x86.ActiveCfg = Release|x64
		{790522AB-42D5-4C39-83BE-14244D8C3F22}.TestingBuild|Any CPU.ActiveCfg = TestingBuild|Any CPU
		{790522AB-42D5-4C39-83BE-14244D8C3F22}.TestingBuild|Any CPU.Build.0 = TestingBuild|Any CPU
		{790522AB-42D5-4C39-83BE-14244D8C3F22}.TestingBuild|Mixed Platforms.ActiveCfg = TestingBuild|x64
		{790522AB-42D5-4C39-83BE-14244D8C3F22}.TestingBuild|Mixed Platforms.Build.0 = TestingBuild|x64
		{790522AB-42D5-4C39-83BE-14244D8C3F22}.TestingBuild|x64.ActiveCfg = TestingBuild|x64
		{790522AB-42D5-4C39-83BE-14244D8C3F22}.TestingBuild|x64.Build.0 = TestingBuild|x64
		{790522AB-42D5-4C39-83BE-14244D8C3F22}.TestingBuild|x86.ActiveCfg = TestingBuild|x64
		{D9306CDF-415E-4037-B9AF-707EE208A510}.Debug|Any CPU.ActiveCfg = Debug|Any CPU
		{D9306CDF-415E-4037-B9AF-707EE208A510}.Debug|Any CPU.Build.0 = Debug|Any CPU
		{D9306CDF-415E-4037-B9AF-707EE208A510}.Debug|Mixed Platforms.ActiveCfg = Debug|x64
		{D9306CDF-415E-4037-B9AF-707EE208A510}.Debug|Mixed Platforms.Build.0 = Debug|x64
		{D9306CDF-415E-4037-B9AF-707EE208A510}.Debug|x64.ActiveCfg = Debug|x64
		{D9306CDF-415E-4037-B9AF-707EE208A510}.Debug|x64.Build.0 = Debug|x64
		{D9306CDF-415E-4037-B9AF-707EE208A510}.Debug|x86.ActiveCfg = Debug|x64
		{D9306CDF-415E-4037-B9AF-707EE208A510}.DevelopmentBuild|Any CPU.ActiveCfg = DevelopmentBuild|Any CPU
		{D9306CDF-415E-4037-B9AF-707EE208A510}.DevelopmentBuild|Any CPU.Build.0 = DevelopmentBuild|Any CPU
		{D9306CDF-415E-4037-B9AF-707EE208A510}.DevelopmentBuild|Mixed Platforms.ActiveCfg = DevelopmentBuild|x64
		{D9306CDF-415E-4037-B9AF-707EE208A510}.DevelopmentBuild|Mixed Platforms.Build.0 = DevelopmentBuild|x64
		{D9306CDF-415E-4037-B9AF-707EE208A510}.DevelopmentBuild|x64.ActiveCfg = DevelopmentBuild|x64
		{D9306CDF-415E-4037-B9AF-707EE208A510}.DevelopmentBuild|x64.Build.0 = DevelopmentBuild|x64
		{D9306CDF-415E-4037-B9AF-707EE208A510}.DevelopmentBuild|x86.ActiveCfg = DevelopmentBuild|x64
		{D9306CDF-415E-4037-B9AF-707EE208A510}.Release|Any CPU.ActiveCfg = Release|x64
		{D9306CDF-415E-4037-B9AF-707EE208A510}.Release|Any CPU.Build.0 = Release|x64
		{D9306CDF-415E-4037-B9AF-707EE208A510}.Release|Mixed Platforms.ActiveCfg = Release|x64
		{D9306CDF-415E-4037-B9AF-707EE208A510}.Release|Mixed Platforms.Build.0 = Release|x64
		{D9306CDF-415E-4037-B9AF-707EE208A510}.Release|x64.ActiveCfg = Release|x64
		{D9306CDF-415E-4037-B9AF-707EE208A510}.Release|x64.Build.0 = Release|x64
		{D9306CDF-415E-4037-B9AF-707EE208A510}.Release|x86.ActiveCfg = Release|x64
		{D9306CDF-415E-4037-B9AF-707EE208A510}.TestingBuild|Any CPU.ActiveCfg = TestingBuild|Any CPU
		{D9306CDF-415E-4037-B9AF-707EE208A510}.TestingBuild|Any CPU.Build.0 = TestingBuild|Any CPU
		{D9306CDF-415E-4037-B9AF-707EE208A510}.TestingBuild|Mixed Platforms.ActiveCfg = TestingBuild|x64
		{D9306CDF-415E-4037-B9AF-707EE208A510}.TestingBuild|Mixed Platforms.Build.0 = TestingBuild|x64
		{D9306CDF-415E-4037-B9AF-707EE208A510}.TestingBuild|x64.ActiveCfg = TestingBuild|x64
		{D9306CDF-415E-4037-B9AF-707EE208A510}.TestingBuild|x64.Build.0 = TestingBuild|x64
		{D9306CDF-415E-4037-B9AF-707EE208A510}.TestingBuild|x86.ActiveCfg = TestingBuild|x64
		{4C597FE8-D922-4A2A-B47B-2A84E2176DF7}.Debug|Any CPU.ActiveCfg = Debug|Any CPU
		{4C597FE8-D922-4A2A-B47B-2A84E2176DF7}.Debug|Any CPU.Build.0 = Debug|Any CPU
		{4C597FE8-D922-4A2A-B47B-2A84E2176DF7}.Debug|Mixed Platforms.ActiveCfg = Debug|x64
		{4C597FE8-D922-4A2A-B47B-2A84E2176DF7}.Debug|Mixed Platforms.Build.0 = Debug|x64
		{4C597FE8-D922-4A2A-B47B-2A84E2176DF7}.Debug|x64.ActiveCfg = Debug|x64
		{4C597FE8-D922-4A2A-B47B-2A84E2176DF7}.Debug|x64.Build.0 = Debug|x64
		{4C597FE8-D922-4A2A-B47B-2A84E2176DF7}.Debug|x86.ActiveCfg = Debug|x64
		{4C597FE8-D922-4A2A-B47B-2A84E2176DF7}.DevelopmentBuild|Any CPU.ActiveCfg = DevelopmentBuild|Any CPU
		{4C597FE8-D922-4A2A-B47B-2A84E2176DF7}.DevelopmentBuild|Any CPU.Build.0 = DevelopmentBuild|Any CPU
		{4C597FE8-D922-4A2A-B47B-2A84E2176DF7}.DevelopmentBuild|Mixed Platforms.ActiveCfg = DevelopmentBuild|x64
		{4C597FE8-D922-4A2A-B47B-2A84E2176DF7}.DevelopmentBuild|Mixed Platforms.Build.0 = DevelopmentBuild|x64
		{4C597FE8-D922-4A2A-B47B-2A84E2176DF7}.DevelopmentBuild|x64.ActiveCfg = DevelopmentBuild|x64
		{4C597FE8-D922-4A2A-B47B-2A84E2176DF7}.DevelopmentBuild|x64.Build.0 = DevelopmentBuild|x64
		{4C597FE8-D922-4A2A-B47B-2A84E2176DF7}.DevelopmentBuild|x86.ActiveCfg = DevelopmentBuild|x64
		{4C597FE8-D922-4A2A-B47B-2A84E2176DF7}.Release|Any CPU.ActiveCfg = Release|x64
		{4C597FE8-D922-4A2A-B47B-2A84E2176DF7}.Release|Any CPU.Build.0 = Release|x64
		{4C597FE8-D922-4A2A-B47B-2A84E2176DF7}.Release|Mixed Platforms.ActiveCfg = Release|x64
		{4C597FE8-D922-4A2A-B47B-2A84E2176DF7}.Release|Mixed Platforms.Build.0 = Release|x64
		{4C597FE8-D922-4A2A-B47B-2A84E2176DF7}.Release|x64.ActiveCfg = Release|x64
		{4C597FE8-D922-4A2A-B47B-2A84E2176DF7}.Release|x64.Build.0 = Release|x64
		{4C597FE8-D922-4A2A-B47B-2A84E2176DF7}.Release|x86.ActiveCfg = Release|x64
		{4C597FE8-D922-4A2A-B47B-2A84E2176DF7}.TestingBuild|Any CPU.ActiveCfg = TestingBuild|Any CPU
		{4C597FE8-D922-4A2A-B47B-2A84E2176DF7}.TestingBuild|Any CPU.Build.0 = TestingBuild|Any CPU
		{4C597FE8-D922-4A2A-B47B-2A84E2176DF7}.TestingBuild|Mixed Platforms.ActiveCfg = TestingBuild|x64
		{4C597FE8-D922-4A2A-B47B-2A84E2176DF7}.TestingBuild|Mixed Platforms.Build.0 = TestingBuild|x64
		{4C597FE8-D922-4A2A-B47B-2A84E2176DF7}.TestingBuild|x64.ActiveCfg = TestingBuild|x64
		{4C597FE8-D922-4A2A-B47B-2A84E2176DF7}.TestingBuild|x64.Build.0 = TestingBuild|x64
		{4C597FE8-D922-4A2A-B47B-2A84E2176DF7}.TestingBuild|x86.ActiveCfg = TestingBuild|x64
		{EAFDF189-4D7D-4784-96BC-662D746DEBF8}.Debug|Any CPU.ActiveCfg = Debug|Any CPU
		{EAFDF189-4D7D-4784-96BC-662D746DEBF8}.Debug|Any CPU.Build.0 = Debug|Any CPU
		{EAFDF189-4D7D-4784-96BC-662D746DEBF8}.Debug|Mixed Platforms.ActiveCfg = Debug|x64
		{EAFDF189-4D7D-4784-96BC-662D746DEBF8}.Debug|Mixed Platforms.Build.0 = Debug|x64
		{EAFDF189-4D7D-4784-96BC-662D746DEBF8}.Debug|x64.ActiveCfg = Debug|x64
		{EAFDF189-4D7D-4784-96BC-662D746DEBF8}.Debug|x64.Build.0 = Debug|x64
		{EAFDF189-4D7D-4784-96BC-662D746DEBF8}.Debug|x86.ActiveCfg = Debug|x64
		{EAFDF189-4D7D-4784-96BC-662D746DEBF8}.DevelopmentBuild|Any CPU.ActiveCfg = DevelopmentBuild|Any CPU
		{EAFDF189-4D7D-4784-96BC-662D746DEBF8}.DevelopmentBuild|Any CPU.Build.0 = DevelopmentBuild|Any CPU
		{EAFDF189-4D7D-4784-96BC-662D746DEBF8}.DevelopmentBuild|Mixed Platforms.ActiveCfg = DevelopmentBuild|x64
		{EAFDF189-4D7D-4784-96BC-662D746DEBF8}.DevelopmentBuild|Mixed Platforms.Build.0 = DevelopmentBuild|x64
		{EAFDF189-4D7D-4784-96BC-662D746DEBF8}.DevelopmentBuild|x64.ActiveCfg = DevelopmentBuild|x64
		{EAFDF189-4D7D-4784-96BC-662D746DEBF8}.DevelopmentBuild|x64.Build.0 = DevelopmentBuild|x64
		{EAFDF189-4D7D-4784-96BC-662D746DEBF8}.DevelopmentBuild|x86.ActiveCfg = DevelopmentBuild|x64
		{EAFDF189-4D7D-4784-96BC-662D746DEBF8}.Release|Any CPU.ActiveCfg = Release|x64
		{EAFDF189-4D7D-4784-96BC-662D746DEBF8}.Release|Any CPU.Build.0 = Release|x64
		{EAFDF189-4D7D-4784-96BC-662D746DEBF8}.Release|Mixed Platforms.ActiveCfg = Release|x64
		{EAFDF189-4D7D-4784-96BC-662D746DEBF8}.Release|Mixed Platforms.Build.0 = Release|x64
		{EAFDF189-4D7D-4784-96BC-662D746DEBF8}.Release|x64.ActiveCfg = Release|x64
		{EAFDF189-4D7D-4784-96BC-662D746DEBF8}.Release|x64.Build.0 = Release|x64
		{EAFDF189-4D7D-4784-96BC-662D746DEBF8}.Release|x86.ActiveCfg = Release|x64
		{EAFDF189-4D7D-4784-96BC-662D746DEBF8}.TestingBuild|Any CPU.ActiveCfg = TestingBuild|Any CPU
		{EAFDF189-4D7D-4784-96BC-662D746DEBF8}.TestingBuild|Any CPU.Build.0 = TestingBuild|Any CPU
		{EAFDF189-4D7D-4784-96BC-662D746DEBF8}.TestingBuild|Mixed Platforms.ActiveCfg = TestingBuild|x64
		{EAFDF189-4D7D-4784-96BC-662D746DEBF8}.TestingBuild|Mixed Platforms.Build.0 = TestingBuild|x64
		{EAFDF189-4D7D-4784-96BC-662D746DEBF8}.TestingBuild|x64.ActiveCfg = TestingBuild|x64
		{EAFDF189-4D7D-4784-96BC-662D746DEBF8}.TestingBuild|x64.Build.0 = TestingBuild|x64
		{EAFDF189-4D7D-4784-96BC-662D746DEBF8}.TestingBuild|x86.ActiveCfg = TestingBuild|x64
		{E5DA40F6-F13D-4BA0-9BB4-34E9FB8A5FC9}.Debug|Any CPU.ActiveCfg = Debug|Any CPU
		{E5DA40F6-F13D-4BA0-9BB4-34E9FB8A5FC9}.Debug|Any CPU.Build.0 = Debug|Any CPU
		{E5DA40F6-F13D-4BA0-9BB4-34E9FB8A5FC9}.Debug|Mixed Platforms.ActiveCfg = Debug|x64
		{E5DA40F6-F13D-4BA0-9BB4-34E9FB8A5FC9}.Debug|Mixed Platforms.Build.0 = Debug|x64
		{E5DA40F6-F13D-4BA0-9BB4-34E9FB8A5FC9}.Debug|x64.ActiveCfg = Debug|x64
		{E5DA40F6-F13D-4BA0-9BB4-34E9FB8A5FC9}.Debug|x64.Build.0 = Debug|x64
		{E5DA40F6-F13D-4BA0-9BB4-34E9FB8A5FC9}.Debug|x86.ActiveCfg = Debug|x64
		{E5DA40F6-F13D-4BA0-9BB4-34E9FB8A5FC9}.DevelopmentBuild|Any CPU.ActiveCfg = DevelopmentBuild|Any CPU
		{E5DA40F6-F13D-4BA0-9BB4-34E9FB8A5FC9}.DevelopmentBuild|Any CPU.Build.0 = DevelopmentBuild|Any CPU
		{E5DA40F6-F13D-4BA0-9BB4-34E9FB8A5FC9}.DevelopmentBuild|Mixed Platforms.ActiveCfg = DevelopmentBuild|x64
		{E5DA40F6-F13D-4BA0-9BB4-34E9FB8A5FC9}.DevelopmentBuild|Mixed Platforms.Build.0 = DevelopmentBuild|x64
		{E5DA40F6-F13D-4BA0-9BB4-34E9FB8A5FC9}.DevelopmentBuild|x64.ActiveCfg = DevelopmentBuild|x64
		{E5DA40F6-F13D-4BA0-9BB4-34E9FB8A5FC9}.DevelopmentBuild|x64.Build.0 = DevelopmentBuild|x64
		{E5DA40F6-F13D-4BA0-9BB4-34E9FB8A5FC9}.DevelopmentBuild|x86.ActiveCfg = DevelopmentBuild|x64
		{E5DA40F6-F13D-4BA0-9BB4-34E9FB8A5FC9}.Release|Any CPU.ActiveCfg = Release|x64
		{E5DA40F6-F13D-4BA0-9BB4-34E9FB8A5FC9}.Release|Any CPU.Build.0 = Release|x64
		{E5DA40F6-F13D-4BA0-9BB4-34E9FB8A5FC9}.Release|Mixed Platforms.ActiveCfg = Release|x64
		{E5DA40F6-F13D-4BA0-9BB4-34E9FB8A5FC9}.Release|Mixed Platforms.Build.0 = Release|x64
		{E5DA40F6-F13D-4BA0-9BB4-34E9FB8A5FC9}.Release|x64.ActiveCfg = Release|x64
		{E5DA40F6-F13D-4BA0-9BB4-34E9FB8A5FC9}.Release|x64.Build.0 = Release|x64
		{E5DA40F6-F13D-4BA0-9BB4-34E9FB8A5FC9}.Release|x86.ActiveCfg = Release|x64
		{E5DA40F6-F13D-4BA0-9BB4-34E9FB8A5FC9}.TestingBuild|Any CPU.ActiveCfg = TestingBuild|Any CPU
		{E5DA40F6-F13D-4BA0-9BB4-34E9FB8A5FC9}.TestingBuild|Any CPU.Build.0 = TestingBuild|Any CPU
		{E5DA40F6-F13D-4BA0-9BB4-34E9FB8A5FC9}.TestingBuild|Mixed Platforms.ActiveCfg = TestingBuild|x64
		{E5DA40F6-F13D-4BA0-9BB4-34E9FB8A5FC9}.TestingBuild|Mixed Platforms.Build.0 = TestingBuild|x64
		{E5DA40F6-F13D-4BA0-9BB4-34E9FB8A5FC9}.TestingBuild|x64.ActiveCfg = TestingBuild|x64
		{E5DA40F6-F13D-4BA0-9BB4-34E9FB8A5FC9}.TestingBuild|x64.Build.0 = TestingBuild|x64
		{E5DA40F6-F13D-4BA0-9BB4-34E9FB8A5FC9}.TestingBuild|x86.ActiveCfg = TestingBuild|x64
		{1ED4D650-26D8-4D6D-B7D5-9705E37703CC}.Debug|Any CPU.ActiveCfg = Debug|Any CPU
		{1ED4D650-26D8-4D6D-B7D5-9705E37703CC}.Debug|Any CPU.Build.0 = Debug|Any CPU
		{1ED4D650-26D8-4D6D-B7D5-9705E37703CC}.Debug|Mixed Platforms.ActiveCfg = Debug|x64
		{1ED4D650-26D8-4D6D-B7D5-9705E37703CC}.Debug|Mixed Platforms.Build.0 = Debug|x64
		{1ED4D650-26D8-4D6D-B7D5-9705E37703CC}.Debug|x64.ActiveCfg = Debug|x64
		{1ED4D650-26D8-4D6D-B7D5-9705E37703CC}.Debug|x64.Build.0 = Debug|x64
		{1ED4D650-26D8-4D6D-B7D5-9705E37703CC}.Debug|x86.ActiveCfg = Debug|x64
		{1ED4D650-26D8-4D6D-B7D5-9705E37703CC}.DevelopmentBuild|Any CPU.ActiveCfg = DevelopmentBuild|Any CPU
		{1ED4D650-26D8-4D6D-B7D5-9705E37703CC}.DevelopmentBuild|Any CPU.Build.0 = DevelopmentBuild|Any CPU
		{1ED4D650-26D8-4D6D-B7D5-9705E37703CC}.DevelopmentBuild|Mixed Platforms.ActiveCfg = DevelopmentBuild|x64
		{1ED4D650-26D8-4D6D-B7D5-9705E37703CC}.DevelopmentBuild|Mixed Platforms.Build.0 = DevelopmentBuild|x64
		{1ED4D650-26D8-4D6D-B7D5-9705E37703CC}.DevelopmentBuild|x64.ActiveCfg = DevelopmentBuild|x64
		{1ED4D650-26D8-4D6D-B7D5-9705E37703CC}.DevelopmentBuild|x64.Build.0 = DevelopmentBuild|x64
		{1ED4D650-26D8-4D6D-B7D5-9705E37703CC}.DevelopmentBuild|x86.ActiveCfg = DevelopmentBuild|x64
		{1ED4D650-26D8-4D6D-B7D5-9705E37703CC}.Release|Any CPU.ActiveCfg = Release|x64
		{1ED4D650-26D8-4D6D-B7D5-9705E37703CC}.Release|Any CPU.Build.0 = Release|x64
		{1ED4D650-26D8-4D6D-B7D5-9705E37703CC}.Release|Mixed Platforms.ActiveCfg = Release|x64
		{1ED4D650-26D8-4D6D-B7D5-9705E37703CC}.Release|Mixed Platforms.Build.0 = Release|x64
		{1ED4D650-26D8-4D6D-B7D5-9705E37703CC}.Release|x64.ActiveCfg = Release|x64
		{1ED4D650-26D8-4D6D-B7D5-9705E37703CC}.Release|x64.Build.0 = Release|x64
		{1ED4D650-26D8-4D6D-B7D5-9705E37703CC}.Release|x86.ActiveCfg = Release|x64
		{1ED4D650-26D8-4D6D-B7D5-9705E37703CC}.TestingBuild|Any CPU.ActiveCfg = TestingBuild|Any CPU
		{1ED4D650-26D8-4D6D-B7D5-9705E37703CC}.TestingBuild|Any CPU.Build.0 = TestingBuild|Any CPU
		{1ED4D650-26D8-4D6D-B7D5-9705E37703CC}.TestingBuild|Mixed Platforms.ActiveCfg = TestingBuild|x64
		{1ED4D650-26D8-4D6D-B7D5-9705E37703CC}.TestingBuild|Mixed Platforms.Build.0 = TestingBuild|x64
		{1ED4D650-26D8-4D6D-B7D5-9705E37703CC}.TestingBuild|x64.ActiveCfg = TestingBuild|x64
		{1ED4D650-26D8-4D6D-B7D5-9705E37703CC}.TestingBuild|x64.Build.0 = TestingBuild|x64
		{1ED4D650-26D8-4D6D-B7D5-9705E37703CC}.TestingBuild|x86.ActiveCfg = TestingBuild|x64
		{C75532C4-765B-418E-B09B-46D36B2ABDB1}.Debug|Any CPU.ActiveCfg = Debug|Any CPU
		{C75532C4-765B-418E-B09B-46D36B2ABDB1}.Debug|Any CPU.Build.0 = Debug|Any CPU
		{C75532C4-765B-418E-B09B-46D36B2ABDB1}.Debug|Mixed Platforms.ActiveCfg = Debug|x64
		{C75532C4-765B-418E-B09B-46D36B2ABDB1}.Debug|Mixed Platforms.Build.0 = Debug|x64
		{C75532C4-765B-418E-B09B-46D36B2ABDB1}.Debug|x64.ActiveCfg = Debug|x64
		{C75532C4-765B-418E-B09B-46D36B2ABDB1}.Debug|x64.Build.0 = Debug|x64
		{C75532C4-765B-418E-B09B-46D36B2ABDB1}.Debug|x86.ActiveCfg = Debug|x64
		{C75532C4-765B-418E-B09B-46D36B2ABDB1}.DevelopmentBuild|Any CPU.ActiveCfg = DevelopmentBuild|Any CPU
		{C75532C4-765B-418E-B09B-46D36B2ABDB1}.DevelopmentBuild|Any CPU.Build.0 = DevelopmentBuild|Any CPU
		{C75532C4-765B-418E-B09B-46D36B2ABDB1}.DevelopmentBuild|Mixed Platforms.ActiveCfg = DevelopmentBuild|x64
		{C75532C4-765B-418E-B09B-46D36B2ABDB1}.DevelopmentBuild|Mixed Platforms.Build.0 = DevelopmentBuild|x64
		{C75532C4-765B-418E-B09B-46D36B2ABDB1}.DevelopmentBuild|x64.ActiveCfg = DevelopmentBuild|x64
		{C75532C4-765B-418E-B09B-46D36B2ABDB1}.DevelopmentBuild|x64.Build.0 = DevelopmentBuild|x64
		{C75532C4-765B-418E-B09B-46D36B2ABDB1}.DevelopmentBuild|x86.ActiveCfg = DevelopmentBuild|x64
		{C75532C4-765B-418E-B09B-46D36B2ABDB1}.Release|Any CPU.ActiveCfg = Release|Any CPU
		{C75532C4-765B-418E-B09B-46D36B2ABDB1}.Release|Any CPU.Build.0 = Release|Any CPU
		{C75532C4-765B-418E-B09B-46D36B2ABDB1}.Release|Mixed Platforms.ActiveCfg = Release|x64
		{C75532C4-765B-418E-B09B-46D36B2ABDB1}.Release|Mixed Platforms.Build.0 = Release|x64
		{C75532C4-765B-418E-B09B-46D36B2ABDB1}.Release|x64.ActiveCfg = Release|x64
		{C75532C4-765B-418E-B09B-46D36B2ABDB1}.Release|x64.Build.0 = Release|x64
		{C75532C4-765B-418E-B09B-46D36B2ABDB1}.Release|x86.ActiveCfg = Release|x64
		{C75532C4-765B-418E-B09B-46D36B2ABDB1}.TestingBuild|Any CPU.ActiveCfg = TestingBuild|Any CPU
		{C75532C4-765B-418E-B09B-46D36B2ABDB1}.TestingBuild|Any CPU.Build.0 = TestingBuild|Any CPU
		{C75532C4-765B-418E-B09B-46D36B2ABDB1}.TestingBuild|Mixed Platforms.ActiveCfg = TestingBuild|x64
		{C75532C4-765B-418E-B09B-46D36B2ABDB1}.TestingBuild|Mixed Platforms.Build.0 = TestingBuild|x64
		{C75532C4-765B-418E-B09B-46D36B2ABDB1}.TestingBuild|x64.ActiveCfg = TestingBuild|x64
		{C75532C4-765B-418E-B09B-46D36B2ABDB1}.TestingBuild|x64.Build.0 = TestingBuild|x64
		{C75532C4-765B-418E-B09B-46D36B2ABDB1}.TestingBuild|x86.ActiveCfg = TestingBuild|x64
		{A766CB72-67C0-4F24-85B5-70B8EB76882A}.Debug|Any CPU.ActiveCfg = Debug|Any CPU
		{A766CB72-67C0-4F24-85B5-70B8EB76882A}.Debug|Any CPU.Build.0 = Debug|Any CPU
		{A766CB72-67C0-4F24-85B5-70B8EB76882A}.Debug|Mixed Platforms.ActiveCfg = Debug|x64
		{A766CB72-67C0-4F24-85B5-70B8EB76882A}.Debug|Mixed Platforms.Build.0 = Debug|x64
		{A766CB72-67C0-4F24-85B5-70B8EB76882A}.Debug|x64.ActiveCfg = Debug|x64
		{A766CB72-67C0-4F24-85B5-70B8EB76882A}.Debug|x64.Build.0 = Debug|x64
		{A766CB72-67C0-4F24-85B5-70B8EB76882A}.Debug|x86.ActiveCfg = Debug|x64
		{A766CB72-67C0-4F24-85B5-70B8EB76882A}.DevelopmentBuild|Any CPU.ActiveCfg = DevelopmentBuild|Any CPU
		{A766CB72-67C0-4F24-85B5-70B8EB76882A}.DevelopmentBuild|Any CPU.Build.0 = DevelopmentBuild|Any CPU
		{A766CB72-67C0-4F24-85B5-70B8EB76882A}.DevelopmentBuild|Mixed Platforms.ActiveCfg = DevelopmentBuild|x64
		{A766CB72-67C0-4F24-85B5-70B8EB76882A}.DevelopmentBuild|Mixed Platforms.Build.0 = DevelopmentBuild|x64
		{A766CB72-67C0-4F24-85B5-70B8EB76882A}.DevelopmentBuild|x64.ActiveCfg = DevelopmentBuild|x64
		{A766CB72-67C0-4F24-85B5-70B8EB76882A}.DevelopmentBuild|x64.Build.0 = DevelopmentBuild|x64
		{A766CB72-67C0-4F24-85B5-70B8EB76882A}.DevelopmentBuild|x86.ActiveCfg = DevelopmentBuild|x64
		{A766CB72-67C0-4F24-85B5-70B8EB76882A}.Release|Any CPU.ActiveCfg = Release|x64
		{A766CB72-67C0-4F24-85B5-70B8EB76882A}.Release|Any CPU.Build.0 = Release|x64
		{A766CB72-67C0-4F24-85B5-70B8EB76882A}.Release|Mixed Platforms.ActiveCfg = Release|x64
		{A766CB72-67C0-4F24-85B5-70B8EB76882A}.Release|Mixed Platforms.Build.0 = Release|x64
		{A766CB72-67C0-4F24-85B5-70B8EB76882A}.Release|x64.ActiveCfg = Release|x64
		{A766CB72-67C0-4F24-85B5-70B8EB76882A}.Release|x64.Build.0 = Release|x64
		{A766CB72-67C0-4F24-85B5-70B8EB76882A}.Release|x86.ActiveCfg = Release|x64
		{A766CB72-67C0-4F24-85B5-70B8EB76882A}.TestingBuild|Any CPU.ActiveCfg = TestingBuild|Any CPU
		{A766CB72-67C0-4F24-85B5-70B8EB76882A}.TestingBuild|Any CPU.Build.0 = TestingBuild|Any CPU
		{A766CB72-67C0-4F24-85B5-70B8EB76882A}.TestingBuild|Mixed Platforms.ActiveCfg = TestingBuild|x64
		{A766CB72-67C0-4F24-85B5-70B8EB76882A}.TestingBuild|Mixed Platforms.Build.0 = TestingBuild|x64
		{A766CB72-67C0-4F24-85B5-70B8EB76882A}.TestingBuild|x64.ActiveCfg = TestingBuild|x64
		{A766CB72-67C0-4F24-85B5-70B8EB76882A}.TestingBuild|x64.Build.0 = TestingBuild|x64
		{A766CB72-67C0-4F24-85B5-70B8EB76882A}.TestingBuild|x86.ActiveCfg = TestingBuild|x64
		{0B87A110-73F8-496A-B656-9050272CFE7B}.Debug|Any CPU.ActiveCfg = Debug|Any CPU
		{0B87A110-73F8-496A-B656-9050272CFE7B}.Debug|Any CPU.Build.0 = Debug|Any CPU
		{0B87A110-73F8-496A-B656-9050272CFE7B}.Debug|Mixed Platforms.ActiveCfg = Debug|Any CPU
		{0B87A110-73F8-496A-B656-9050272CFE7B}.Debug|Mixed Platforms.Build.0 = Debug|Any CPU
		{0B87A110-73F8-496A-B656-9050272CFE7B}.Debug|x64.ActiveCfg = Debug|Any CPU
		{0B87A110-73F8-496A-B656-9050272CFE7B}.Debug|x86.ActiveCfg = Debug|Any CPU
		{0B87A110-73F8-496A-B656-9050272CFE7B}.DevelopmentBuild|Any CPU.ActiveCfg = DevelopmentBuild|Any CPU
		{0B87A110-73F8-496A-B656-9050272CFE7B}.DevelopmentBuild|Any CPU.Build.0 = DevelopmentBuild|Any CPU
		{0B87A110-73F8-496A-B656-9050272CFE7B}.DevelopmentBuild|Mixed Platforms.ActiveCfg = DevelopmentBuild|x64
		{0B87A110-73F8-496A-B656-9050272CFE7B}.DevelopmentBuild|Mixed Platforms.Build.0 = DevelopmentBuild|x64
		{0B87A110-73F8-496A-B656-9050272CFE7B}.DevelopmentBuild|x64.ActiveCfg = DevelopmentBuild|x64
		{0B87A110-73F8-496A-B656-9050272CFE7B}.DevelopmentBuild|x64.Build.0 = DevelopmentBuild|x64
		{0B87A110-73F8-496A-B656-9050272CFE7B}.DevelopmentBuild|x86.ActiveCfg = DevelopmentBuild|Any CPU
		{0B87A110-73F8-496A-B656-9050272CFE7B}.Release|Any CPU.ActiveCfg = Release|Any CPU
		{0B87A110-73F8-496A-B656-9050272CFE7B}.Release|Any CPU.Build.0 = Release|Any CPU
		{0B87A110-73F8-496A-B656-9050272CFE7B}.Release|Mixed Platforms.ActiveCfg = Release|Any CPU
		{0B87A110-73F8-496A-B656-9050272CFE7B}.Release|Mixed Platforms.Build.0 = Release|Any CPU
		{0B87A110-73F8-496A-B656-9050272CFE7B}.Release|x64.ActiveCfg = Release|Any CPU
		{0B87A110-73F8-496A-B656-9050272CFE7B}.Release|x86.ActiveCfg = Release|Any CPU
		{0B87A110-73F8-496A-B656-9050272CFE7B}.TestingBuild|Any CPU.ActiveCfg = TestingBuild|Any CPU
		{0B87A110-73F8-496A-B656-9050272CFE7B}.TestingBuild|Any CPU.Build.0 = TestingBuild|Any CPU
		{0B87A110-73F8-496A-B656-9050272CFE7B}.TestingBuild|Mixed Platforms.ActiveCfg = TestingBuild|Any CPU
		{0B87A110-73F8-496A-B656-9050272CFE7B}.TestingBuild|Mixed Platforms.Build.0 = TestingBuild|Any CPU
		{0B87A110-73F8-496A-B656-9050272CFE7B}.TestingBuild|x64.ActiveCfg = TestingBuild|x64
		{0B87A110-73F8-496A-B656-9050272CFE7B}.TestingBuild|x64.Build.0 = TestingBuild|x64
		{0B87A110-73F8-496A-B656-9050272CFE7B}.TestingBuild|x86.ActiveCfg = TestingBuild|Any CPU
		{C5BA233C-FD27-4FF6-A570-85C233E39ECF}.Debug|Any CPU.ActiveCfg = Debug|Any CPU
		{C5BA233C-FD27-4FF6-A570-85C233E39ECF}.Debug|Any CPU.Build.0 = Debug|Any CPU
		{C5BA233C-FD27-4FF6-A570-85C233E39ECF}.Debug|Mixed Platforms.ActiveCfg = Debug|Any CPU
		{C5BA233C-FD27-4FF6-A570-85C233E39ECF}.Debug|Mixed Platforms.Build.0 = Debug|Any CPU
		{C5BA233C-FD27-4FF6-A570-85C233E39ECF}.Debug|x64.ActiveCfg = Debug|x86
		{C5BA233C-FD27-4FF6-A570-85C233E39ECF}.Debug|x86.ActiveCfg = Debug|x86
		{C5BA233C-FD27-4FF6-A570-85C233E39ECF}.Debug|x86.Build.0 = Debug|x86
		{C5BA233C-FD27-4FF6-A570-85C233E39ECF}.DevelopmentBuild|Any CPU.ActiveCfg = DevelopmentBuild|Any CPU
		{C5BA233C-FD27-4FF6-A570-85C233E39ECF}.DevelopmentBuild|Any CPU.Build.0 = DevelopmentBuild|Any CPU
		{C5BA233C-FD27-4FF6-A570-85C233E39ECF}.DevelopmentBuild|Mixed Platforms.ActiveCfg = DevelopmentBuild|x64
		{C5BA233C-FD27-4FF6-A570-85C233E39ECF}.DevelopmentBuild|Mixed Platforms.Build.0 = DevelopmentBuild|x64
		{C5BA233C-FD27-4FF6-A570-85C233E39ECF}.DevelopmentBuild|x64.ActiveCfg = DevelopmentBuild|x64
		{C5BA233C-FD27-4FF6-A570-85C233E39ECF}.DevelopmentBuild|x64.Build.0 = DevelopmentBuild|x64
		{C5BA233C-FD27-4FF6-A570-85C233E39ECF}.DevelopmentBuild|x86.ActiveCfg = DevelopmentBuild|x86
		{C5BA233C-FD27-4FF6-A570-85C233E39ECF}.DevelopmentBuild|x86.Build.0 = DevelopmentBuild|x86
		{C5BA233C-FD27-4FF6-A570-85C233E39ECF}.Release|Any CPU.ActiveCfg = Release|Any CPU
		{C5BA233C-FD27-4FF6-A570-85C233E39ECF}.Release|Any CPU.Build.0 = Release|Any CPU
		{C5BA233C-FD27-4FF6-A570-85C233E39ECF}.Release|Mixed Platforms.ActiveCfg = Release|Any CPU
		{C5BA233C-FD27-4FF6-A570-85C233E39ECF}.Release|Mixed Platforms.Build.0 = Release|Any CPU
		{C5BA233C-FD27-4FF6-A570-85C233E39ECF}.Release|x64.ActiveCfg = Release|x86
		{C5BA233C-FD27-4FF6-A570-85C233E39ECF}.Release|x86.ActiveCfg = Release|x86
		{C5BA233C-FD27-4FF6-A570-85C233E39ECF}.Release|x86.Build.0 = Release|x86
		{C5BA233C-FD27-4FF6-A570-85C233E39ECF}.TestingBuild|Any CPU.ActiveCfg = TestingBuild|Any CPU
		{C5BA233C-FD27-4FF6-A570-85C233E39ECF}.TestingBuild|Any CPU.Build.0 = TestingBuild|Any CPU
		{C5BA233C-FD27-4FF6-A570-85C233E39ECF}.TestingBuild|Mixed Platforms.ActiveCfg = TestingBuild|Any CPU
		{C5BA233C-FD27-4FF6-A570-85C233E39ECF}.TestingBuild|Mixed Platforms.Build.0 = TestingBuild|Any CPU
		{C5BA233C-FD27-4FF6-A570-85C233E39ECF}.TestingBuild|x64.ActiveCfg = TestingBuild|x64
		{C5BA233C-FD27-4FF6-A570-85C233E39ECF}.TestingBuild|x64.Build.0 = TestingBuild|x64
		{C5BA233C-FD27-4FF6-A570-85C233E39ECF}.TestingBuild|x86.ActiveCfg = TestingBuild|x86
		{C5BA233C-FD27-4FF6-A570-85C233E39ECF}.TestingBuild|x86.Build.0 = TestingBuild|x86
		{ECC9F609-0B28-4638-8273-B2FE275BFBFF}.Debug|Any CPU.ActiveCfg = Debug|Any CPU
		{ECC9F609-0B28-4638-8273-B2FE275BFBFF}.Debug|Any CPU.Build.0 = Debug|Any CPU
		{ECC9F609-0B28-4638-8273-B2FE275BFBFF}.Debug|Mixed Platforms.ActiveCfg = Debug|x64
		{ECC9F609-0B28-4638-8273-B2FE275BFBFF}.Debug|Mixed Platforms.Build.0 = Debug|x64
		{ECC9F609-0B28-4638-8273-B2FE275BFBFF}.Debug|x64.ActiveCfg = Debug|x64
		{ECC9F609-0B28-4638-8273-B2FE275BFBFF}.Debug|x64.Build.0 = Debug|x64
		{ECC9F609-0B28-4638-8273-B2FE275BFBFF}.Debug|x86.ActiveCfg = Debug|x64
		{ECC9F609-0B28-4638-8273-B2FE275BFBFF}.DevelopmentBuild|Any CPU.ActiveCfg = DevelopmentBuild|Any CPU
		{ECC9F609-0B28-4638-8273-B2FE275BFBFF}.DevelopmentBuild|Any CPU.Build.0 = DevelopmentBuild|Any CPU
		{ECC9F609-0B28-4638-8273-B2FE275BFBFF}.DevelopmentBuild|Mixed Platforms.ActiveCfg = DevelopmentBuild|x64
		{ECC9F609-0B28-4638-8273-B2FE275BFBFF}.DevelopmentBuild|Mixed Platforms.Build.0 = DevelopmentBuild|x64
		{ECC9F609-0B28-4638-8273-B2FE275BFBFF}.DevelopmentBuild|x64.ActiveCfg = DevelopmentBuild|x64
		{ECC9F609-0B28-4638-8273-B2FE275BFBFF}.DevelopmentBuild|x64.Build.0 = DevelopmentBuild|x64
		{ECC9F609-0B28-4638-8273-B2FE275BFBFF}.DevelopmentBuild|x86.ActiveCfg = DevelopmentBuild|x64
		{ECC9F609-0B28-4638-8273-B2FE275BFBFF}.Release|Any CPU.ActiveCfg = Release|Any CPU
		{ECC9F609-0B28-4638-8273-B2FE275BFBFF}.Release|Any CPU.Build.0 = Release|Any CPU
		{ECC9F609-0B28-4638-8273-B2FE275BFBFF}.Release|Mixed Platforms.ActiveCfg = Release|x64
		{ECC9F609-0B28-4638-8273-B2FE275BFBFF}.Release|Mixed Platforms.Build.0 = Release|x64
		{ECC9F609-0B28-4638-8273-B2FE275BFBFF}.Release|x64.ActiveCfg = Release|x64
		{ECC9F609-0B28-4638-8273-B2FE275BFBFF}.Release|x64.Build.0 = Release|x64
		{ECC9F609-0B28-4638-8273-B2FE275BFBFF}.Release|x86.ActiveCfg = Release|x64
		{ECC9F609-0B28-4638-8273-B2FE275BFBFF}.TestingBuild|Any CPU.ActiveCfg = TestingBuild|Any CPU
		{ECC9F609-0B28-4638-8273-B2FE275BFBFF}.TestingBuild|Any CPU.Build.0 = TestingBuild|Any CPU
		{ECC9F609-0B28-4638-8273-B2FE275BFBFF}.TestingBuild|Mixed Platforms.ActiveCfg = TestingBuild|x64
		{ECC9F609-0B28-4638-8273-B2FE275BFBFF}.TestingBuild|Mixed Platforms.Build.0 = TestingBuild|x64
		{ECC9F609-0B28-4638-8273-B2FE275BFBFF}.TestingBuild|x64.ActiveCfg = TestingBuild|x64
		{ECC9F609-0B28-4638-8273-B2FE275BFBFF}.TestingBuild|x64.Build.0 = TestingBuild|x64
		{ECC9F609-0B28-4638-8273-B2FE275BFBFF}.TestingBuild|x86.ActiveCfg = TestingBuild|x64
		{298815E9-CE67-43AB-9DFA-0A8E6FA0783D}.Debug|Any CPU.ActiveCfg = Debug|Any CPU
		{298815E9-CE67-43AB-9DFA-0A8E6FA0783D}.Debug|Any CPU.Build.0 = Debug|Any CPU
		{298815E9-CE67-43AB-9DFA-0A8E6FA0783D}.Debug|Mixed Platforms.ActiveCfg = Debug|Any CPU
		{298815E9-CE67-43AB-9DFA-0A8E6FA0783D}.Debug|Mixed Platforms.Build.0 = Debug|Any CPU
		{298815E9-CE67-43AB-9DFA-0A8E6FA0783D}.Debug|x64.ActiveCfg = Debug|x86
		{298815E9-CE67-43AB-9DFA-0A8E6FA0783D}.Debug|x86.ActiveCfg = Debug|x86
		{298815E9-CE67-43AB-9DFA-0A8E6FA0783D}.Debug|x86.Build.0 = Debug|x86
		{298815E9-CE67-43AB-9DFA-0A8E6FA0783D}.DevelopmentBuild|Any CPU.ActiveCfg = DevelopmentBuild|Any CPU
		{298815E9-CE67-43AB-9DFA-0A8E6FA0783D}.DevelopmentBuild|Any CPU.Build.0 = DevelopmentBuild|Any CPU
		{298815E9-CE67-43AB-9DFA-0A8E6FA0783D}.DevelopmentBuild|Mixed Platforms.ActiveCfg = DevelopmentBuild|x64
		{298815E9-CE67-43AB-9DFA-0A8E6FA0783D}.DevelopmentBuild|Mixed Platforms.Build.0 = DevelopmentBuild|x64
		{298815E9-CE67-43AB-9DFA-0A8E6FA0783D}.DevelopmentBuild|x64.ActiveCfg = DevelopmentBuild|x64
		{298815E9-CE67-43AB-9DFA-0A8E6FA0783D}.DevelopmentBuild|x64.Build.0 = DevelopmentBuild|x64
		{298815E9-CE67-43AB-9DFA-0A8E6FA0783D}.DevelopmentBuild|x86.ActiveCfg = DevelopmentBuild|x86
		{298815E9-CE67-43AB-9DFA-0A8E6FA0783D}.DevelopmentBuild|x86.Build.0 = DevelopmentBuild|x86
		{298815E9-CE67-43AB-9DFA-0A8E6FA0783D}.Release|Any CPU.ActiveCfg = Release|Any CPU
		{298815E9-CE67-43AB-9DFA-0A8E6FA0783D}.Release|Any CPU.Build.0 = Release|Any CPU
		{298815E9-CE67-43AB-9DFA-0A8E6FA0783D}.Release|Mixed Platforms.ActiveCfg = Release|Any CPU
		{298815E9-CE67-43AB-9DFA-0A8E6FA0783D}.Release|Mixed Platforms.Build.0 = Release|Any CPU
		{298815E9-CE67-43AB-9DFA-0A8E6FA0783D}.Release|x64.ActiveCfg = Release|x86
		{298815E9-CE67-43AB-9DFA-0A8E6FA0783D}.Release|x86.ActiveCfg = Release|x86
		{298815E9-CE67-43AB-9DFA-0A8E6FA0783D}.Release|x86.Build.0 = Release|x86
		{298815E9-CE67-43AB-9DFA-0A8E6FA0783D}.TestingBuild|Any CPU.ActiveCfg = TestingBuild|Any CPU
		{298815E9-CE67-43AB-9DFA-0A8E6FA0783D}.TestingBuild|Any CPU.Build.0 = TestingBuild|Any CPU
		{298815E9-CE67-43AB-9DFA-0A8E6FA0783D}.TestingBuild|Mixed Platforms.ActiveCfg = TestingBuild|Any CPU
		{298815E9-CE67-43AB-9DFA-0A8E6FA0783D}.TestingBuild|Mixed Platforms.Build.0 = TestingBuild|Any CPU
		{298815E9-CE67-43AB-9DFA-0A8E6FA0783D}.TestingBuild|x64.ActiveCfg = TestingBuild|x64
		{298815E9-CE67-43AB-9DFA-0A8E6FA0783D}.TestingBuild|x64.Build.0 = TestingBuild|x64
		{298815E9-CE67-43AB-9DFA-0A8E6FA0783D}.TestingBuild|x86.ActiveCfg = TestingBuild|x86
		{298815E9-CE67-43AB-9DFA-0A8E6FA0783D}.TestingBuild|x86.Build.0 = TestingBuild|x86
		{6158C187-16A6-4022-9B2C-ECF8872F1462}.Debug|Any CPU.ActiveCfg = Debug|Any CPU
		{6158C187-16A6-4022-9B2C-ECF8872F1462}.Debug|Any CPU.Build.0 = Debug|Any CPU
		{6158C187-16A6-4022-9B2C-ECF8872F1462}.Debug|Mixed Platforms.ActiveCfg = Debug|Any CPU
		{6158C187-16A6-4022-9B2C-ECF8872F1462}.Debug|Mixed Platforms.Build.0 = Debug|Any CPU
		{6158C187-16A6-4022-9B2C-ECF8872F1462}.Debug|x64.ActiveCfg = Debug|x86
		{6158C187-16A6-4022-9B2C-ECF8872F1462}.Debug|x86.ActiveCfg = Debug|x86
		{6158C187-16A6-4022-9B2C-ECF8872F1462}.Debug|x86.Build.0 = Debug|x86
		{6158C187-16A6-4022-9B2C-ECF8872F1462}.DevelopmentBuild|Any CPU.ActiveCfg = DevelopmentBuild|Any CPU
		{6158C187-16A6-4022-9B2C-ECF8872F1462}.DevelopmentBuild|Any CPU.Build.0 = DevelopmentBuild|Any CPU
		{6158C187-16A6-4022-9B2C-ECF8872F1462}.DevelopmentBuild|Mixed Platforms.ActiveCfg = DevelopmentBuild|x64
		{6158C187-16A6-4022-9B2C-ECF8872F1462}.DevelopmentBuild|Mixed Platforms.Build.0 = DevelopmentBuild|x64
		{6158C187-16A6-4022-9B2C-ECF8872F1462}.DevelopmentBuild|x64.ActiveCfg = DevelopmentBuild|x64
		{6158C187-16A6-4022-9B2C-ECF8872F1462}.DevelopmentBuild|x64.Build.0 = DevelopmentBuild|x64
		{6158C187-16A6-4022-9B2C-ECF8872F1462}.DevelopmentBuild|x86.ActiveCfg = DevelopmentBuild|x86
		{6158C187-16A6-4022-9B2C-ECF8872F1462}.DevelopmentBuild|x86.Build.0 = DevelopmentBuild|x86
		{6158C187-16A6-4022-9B2C-ECF8872F1462}.Release|Any CPU.ActiveCfg = Release|Any CPU
		{6158C187-16A6-4022-9B2C-ECF8872F1462}.Release|Any CPU.Build.0 = Release|Any CPU
		{6158C187-16A6-4022-9B2C-ECF8872F1462}.Release|Mixed Platforms.ActiveCfg = Release|Any CPU
		{6158C187-16A6-4022-9B2C-ECF8872F1462}.Release|Mixed Platforms.Build.0 = Release|Any CPU
		{6158C187-16A6-4022-9B2C-ECF8872F1462}.Release|x64.ActiveCfg = Release|x86
		{6158C187-16A6-4022-9B2C-ECF8872F1462}.Release|x86.ActiveCfg = Release|x86
		{6158C187-16A6-4022-9B2C-ECF8872F1462}.Release|x86.Build.0 = Release|x86
		{6158C187-16A6-4022-9B2C-ECF8872F1462}.TestingBuild|Any CPU.ActiveCfg = TestingBuild|Any CPU
		{6158C187-16A6-4022-9B2C-ECF8872F1462}.TestingBuild|Any CPU.Build.0 = TestingBuild|Any CPU
		{6158C187-16A6-4022-9B2C-ECF8872F1462}.TestingBuild|Mixed Platforms.ActiveCfg = TestingBuild|Any CPU
		{6158C187-16A6-4022-9B2C-ECF8872F1462}.TestingBuild|Mixed Platforms.Build.0 = TestingBuild|Any CPU
		{6158C187-16A6-4022-9B2C-ECF8872F1462}.TestingBuild|x64.ActiveCfg = TestingBuild|x64
		{6158C187-16A6-4022-9B2C-ECF8872F1462}.TestingBuild|x64.Build.0 = TestingBuild|x64
		{6158C187-16A6-4022-9B2C-ECF8872F1462}.TestingBuild|x86.ActiveCfg = TestingBuild|x86
		{6158C187-16A6-4022-9B2C-ECF8872F1462}.TestingBuild|x86.Build.0 = TestingBuild|x86
		{9E3D2623-0E60-4883-81A9-73EE8E974439}.Debug|Any CPU.ActiveCfg = Debug|Any CPU
		{9E3D2623-0E60-4883-81A9-73EE8E974439}.Debug|Any CPU.Build.0 = Debug|Any CPU
		{9E3D2623-0E60-4883-81A9-73EE8E974439}.Debug|Mixed Platforms.ActiveCfg = Debug|Any CPU
		{9E3D2623-0E60-4883-81A9-73EE8E974439}.Debug|Mixed Platforms.Build.0 = Debug|Any CPU
		{9E3D2623-0E60-4883-81A9-73EE8E974439}.Debug|x64.ActiveCfg = Debug|Any CPU
		{9E3D2623-0E60-4883-81A9-73EE8E974439}.Debug|x86.ActiveCfg = Debug|Any CPU
		{9E3D2623-0E60-4883-81A9-73EE8E974439}.DevelopmentBuild|Any CPU.ActiveCfg = DevelopmentBuild|Any CPU
		{9E3D2623-0E60-4883-81A9-73EE8E974439}.DevelopmentBuild|Any CPU.Build.0 = DevelopmentBuild|Any CPU
		{9E3D2623-0E60-4883-81A9-73EE8E974439}.DevelopmentBuild|Mixed Platforms.ActiveCfg = Debug|Any CPU
		{9E3D2623-0E60-4883-81A9-73EE8E974439}.DevelopmentBuild|Mixed Platforms.Build.0 = Debug|Any CPU
		{9E3D2623-0E60-4883-81A9-73EE8E974439}.DevelopmentBuild|x64.ActiveCfg = Debug|Any CPU
		{9E3D2623-0E60-4883-81A9-73EE8E974439}.DevelopmentBuild|x86.ActiveCfg = Debug|Any CPU
		{9E3D2623-0E60-4883-81A9-73EE8E974439}.Release|Any CPU.ActiveCfg = Release|Any CPU
		{9E3D2623-0E60-4883-81A9-73EE8E974439}.Release|Any CPU.Build.0 = Release|Any CPU
		{9E3D2623-0E60-4883-81A9-73EE8E974439}.Release|Mixed Platforms.ActiveCfg = Release|Any CPU
		{9E3D2623-0E60-4883-81A9-73EE8E974439}.Release|Mixed Platforms.Build.0 = Release|Any CPU
		{9E3D2623-0E60-4883-81A9-73EE8E974439}.Release|x64.ActiveCfg = Release|Any CPU
		{9E3D2623-0E60-4883-81A9-73EE8E974439}.Release|x86.ActiveCfg = Release|Any CPU
		{9E3D2623-0E60-4883-81A9-73EE8E974439}.TestingBuild|Any CPU.ActiveCfg = TestingBuild|Any CPU
		{9E3D2623-0E60-4883-81A9-73EE8E974439}.TestingBuild|Any CPU.Build.0 = TestingBuild|Any CPU
		{9E3D2623-0E60-4883-81A9-73EE8E974439}.TestingBuild|Mixed Platforms.ActiveCfg = Release|Any CPU
		{9E3D2623-0E60-4883-81A9-73EE8E974439}.TestingBuild|Mixed Platforms.Build.0 = Release|Any CPU
		{9E3D2623-0E60-4883-81A9-73EE8E974439}.TestingBuild|x64.ActiveCfg = Release|Any CPU
		{9E3D2623-0E60-4883-81A9-73EE8E974439}.TestingBuild|x86.ActiveCfg = Release|Any CPU
		{D9F1BD01-09E8-4CE9-9701-2997D420B250}.Debug|Any CPU.ActiveCfg = Debug|Any CPU
		{D9F1BD01-09E8-4CE9-9701-2997D420B250}.Debug|Any CPU.Build.0 = Debug|Any CPU
		{D9F1BD01-09E8-4CE9-9701-2997D420B250}.Debug|Mixed Platforms.ActiveCfg = Debug|Any CPU
		{D9F1BD01-09E8-4CE9-9701-2997D420B250}.Debug|Mixed Platforms.Build.0 = Debug|Any CPU
		{D9F1BD01-09E8-4CE9-9701-2997D420B250}.Debug|x64.ActiveCfg = Debug|Any CPU
		{D9F1BD01-09E8-4CE9-9701-2997D420B250}.Debug|x86.ActiveCfg = Debug|Any CPU
		{D9F1BD01-09E8-4CE9-9701-2997D420B250}.DevelopmentBuild|Any CPU.ActiveCfg = DevelopmentBuild|Any CPU
		{D9F1BD01-09E8-4CE9-9701-2997D420B250}.DevelopmentBuild|Any CPU.Build.0 = DevelopmentBuild|Any CPU
		{D9F1BD01-09E8-4CE9-9701-2997D420B250}.DevelopmentBuild|Mixed Platforms.ActiveCfg = Debug|Any CPU
		{D9F1BD01-09E8-4CE9-9701-2997D420B250}.DevelopmentBuild|Mixed Platforms.Build.0 = Debug|Any CPU
		{D9F1BD01-09E8-4CE9-9701-2997D420B250}.DevelopmentBuild|x64.ActiveCfg = Debug|Any CPU
		{D9F1BD01-09E8-4CE9-9701-2997D420B250}.DevelopmentBuild|x86.ActiveCfg = Debug|Any CPU
		{D9F1BD01-09E8-4CE9-9701-2997D420B250}.Release|Any CPU.ActiveCfg = Release|Any CPU
		{D9F1BD01-09E8-4CE9-9701-2997D420B250}.Release|Any CPU.Build.0 = Release|Any CPU
		{D9F1BD01-09E8-4CE9-9701-2997D420B250}.Release|Mixed Platforms.ActiveCfg = Release|Any CPU
		{D9F1BD01-09E8-4CE9-9701-2997D420B250}.Release|Mixed Platforms.Build.0 = Release|Any CPU
		{D9F1BD01-09E8-4CE9-9701-2997D420B250}.Release|x64.ActiveCfg = Release|Any CPU
		{D9F1BD01-09E8-4CE9-9701-2997D420B250}.Release|x86.ActiveCfg = Release|Any CPU
		{D9F1BD01-09E8-4CE9-9701-2997D420B250}.TestingBuild|Any CPU.ActiveCfg = TestingBuild|Any CPU
		{D9F1BD01-09E8-4CE9-9701-2997D420B250}.TestingBuild|Any CPU.Build.0 = TestingBuild|Any CPU
		{D9F1BD01-09E8-4CE9-9701-2997D420B250}.TestingBuild|Mixed Platforms.ActiveCfg = Release|Any CPU
		{D9F1BD01-09E8-4CE9-9701-2997D420B250}.TestingBuild|Mixed Platforms.Build.0 = Release|Any CPU
		{D9F1BD01-09E8-4CE9-9701-2997D420B250}.TestingBuild|x64.ActiveCfg = Release|Any CPU
		{D9F1BD01-09E8-4CE9-9701-2997D420B250}.TestingBuild|x86.ActiveCfg = Release|Any CPU
		{D45E4598-ECEC-4ED1-ADCF-FA8D2B2D7957}.Debug|Any CPU.ActiveCfg = Debug|Any CPU
		{D45E4598-ECEC-4ED1-ADCF-FA8D2B2D7957}.Debug|Any CPU.Build.0 = Debug|Any CPU
		{D45E4598-ECEC-4ED1-ADCF-FA8D2B2D7957}.Debug|Mixed Platforms.ActiveCfg = Debug|Any CPU
		{D45E4598-ECEC-4ED1-ADCF-FA8D2B2D7957}.Debug|Mixed Platforms.Build.0 = Debug|Any CPU
		{D45E4598-ECEC-4ED1-ADCF-FA8D2B2D7957}.Debug|x64.ActiveCfg = Debug|Any CPU
		{D45E4598-ECEC-4ED1-ADCF-FA8D2B2D7957}.Debug|x86.ActiveCfg = Debug|Any CPU
		{D45E4598-ECEC-4ED1-ADCF-FA8D2B2D7957}.DevelopmentBuild|Any CPU.ActiveCfg = DevelopmentBuild|Any CPU
		{D45E4598-ECEC-4ED1-ADCF-FA8D2B2D7957}.DevelopmentBuild|Any CPU.Build.0 = DevelopmentBuild|Any CPU
		{D45E4598-ECEC-4ED1-ADCF-FA8D2B2D7957}.DevelopmentBuild|Mixed Platforms.ActiveCfg = DevelopmentBuild|Any CPU
		{D45E4598-ECEC-4ED1-ADCF-FA8D2B2D7957}.DevelopmentBuild|Mixed Platforms.Build.0 = DevelopmentBuild|Any CPU
		{D45E4598-ECEC-4ED1-ADCF-FA8D2B2D7957}.DevelopmentBuild|x64.ActiveCfg = DevelopmentBuild|Any CPU
		{D45E4598-ECEC-4ED1-ADCF-FA8D2B2D7957}.DevelopmentBuild|x86.ActiveCfg = DevelopmentBuild|Any CPU
		{D45E4598-ECEC-4ED1-ADCF-FA8D2B2D7957}.Release|Any CPU.ActiveCfg = Release|Any CPU
		{D45E4598-ECEC-4ED1-ADCF-FA8D2B2D7957}.Release|Any CPU.Build.0 = Release|Any CPU
		{D45E4598-ECEC-4ED1-ADCF-FA8D2B2D7957}.Release|Mixed Platforms.ActiveCfg = Release|Any CPU
		{D45E4598-ECEC-4ED1-ADCF-FA8D2B2D7957}.Release|Mixed Platforms.Build.0 = Release|Any CPU
		{D45E4598-ECEC-4ED1-ADCF-FA8D2B2D7957}.Release|x64.ActiveCfg = Release|Any CPU
		{D45E4598-ECEC-4ED1-ADCF-FA8D2B2D7957}.Release|x86.ActiveCfg = Release|Any CPU
		{D45E4598-ECEC-4ED1-ADCF-FA8D2B2D7957}.TestingBuild|Any CPU.ActiveCfg = TesingBuild|Any CPU
		{D45E4598-ECEC-4ED1-ADCF-FA8D2B2D7957}.TestingBuild|Any CPU.Build.0 = TesingBuild|Any CPU
		{D45E4598-ECEC-4ED1-ADCF-FA8D2B2D7957}.TestingBuild|Mixed Platforms.ActiveCfg = DevelopmentBuild|Any CPU
		{D45E4598-ECEC-4ED1-ADCF-FA8D2B2D7957}.TestingBuild|Mixed Platforms.Build.0 = DevelopmentBuild|Any CPU
		{D45E4598-ECEC-4ED1-ADCF-FA8D2B2D7957}.TestingBuild|x64.ActiveCfg = DevelopmentBuild|Any CPU
		{D45E4598-ECEC-4ED1-ADCF-FA8D2B2D7957}.TestingBuild|x86.ActiveCfg = DevelopmentBuild|Any CPU
		{7C7524B1-4C9A-4CB9-A22A-E0AD637C7281}.Debug|Any CPU.ActiveCfg = Debug|Any CPU
		{7C7524B1-4C9A-4CB9-A22A-E0AD637C7281}.Debug|Any CPU.Build.0 = Debug|Any CPU
		{7C7524B1-4C9A-4CB9-A22A-E0AD637C7281}.Debug|Mixed Platforms.ActiveCfg = Debug|Any CPU
		{7C7524B1-4C9A-4CB9-A22A-E0AD637C7281}.Debug|Mixed Platforms.Build.0 = Debug|Any CPU
		{7C7524B1-4C9A-4CB9-A22A-E0AD637C7281}.Debug|x64.ActiveCfg = Debug|Any CPU
		{7C7524B1-4C9A-4CB9-A22A-E0AD637C7281}.Debug|x86.ActiveCfg = Debug|Any CPU
		{7C7524B1-4C9A-4CB9-A22A-E0AD637C7281}.DevelopmentBuild|Any CPU.ActiveCfg = DevelopmentBuild|Any CPU
		{7C7524B1-4C9A-4CB9-A22A-E0AD637C7281}.DevelopmentBuild|Any CPU.Build.0 = DevelopmentBuild|Any CPU
		{7C7524B1-4C9A-4CB9-A22A-E0AD637C7281}.DevelopmentBuild|Mixed Platforms.ActiveCfg = Debug|Any CPU
		{7C7524B1-4C9A-4CB9-A22A-E0AD637C7281}.DevelopmentBuild|Mixed Platforms.Build.0 = Debug|Any CPU
		{7C7524B1-4C9A-4CB9-A22A-E0AD637C7281}.DevelopmentBuild|x64.ActiveCfg = Debug|Any CPU
		{7C7524B1-4C9A-4CB9-A22A-E0AD637C7281}.DevelopmentBuild|x86.ActiveCfg = Debug|Any CPU
		{7C7524B1-4C9A-4CB9-A22A-E0AD637C7281}.Release|Any CPU.ActiveCfg = Release|Any CPU
		{7C7524B1-4C9A-4CB9-A22A-E0AD637C7281}.Release|Any CPU.Build.0 = Release|Any CPU
		{7C7524B1-4C9A-4CB9-A22A-E0AD637C7281}.Release|Mixed Platforms.ActiveCfg = Release|Any CPU
		{7C7524B1-4C9A-4CB9-A22A-E0AD637C7281}.Release|Mixed Platforms.Build.0 = Release|Any CPU
		{7C7524B1-4C9A-4CB9-A22A-E0AD637C7281}.Release|x64.ActiveCfg = Release|Any CPU
		{7C7524B1-4C9A-4CB9-A22A-E0AD637C7281}.Release|x86.ActiveCfg = Release|Any CPU
		{7C7524B1-4C9A-4CB9-A22A-E0AD637C7281}.TestingBuild|Any CPU.ActiveCfg = TestingBuild|Any CPU
		{7C7524B1-4C9A-4CB9-A22A-E0AD637C7281}.TestingBuild|Any CPU.Build.0 = TestingBuild|Any CPU
		{7C7524B1-4C9A-4CB9-A22A-E0AD637C7281}.TestingBuild|Mixed Platforms.ActiveCfg = Release|Any CPU
		{7C7524B1-4C9A-4CB9-A22A-E0AD637C7281}.TestingBuild|Mixed Platforms.Build.0 = Release|Any CPU
		{7C7524B1-4C9A-4CB9-A22A-E0AD637C7281}.TestingBuild|x64.ActiveCfg = Release|Any CPU
		{7C7524B1-4C9A-4CB9-A22A-E0AD637C7281}.TestingBuild|x86.ActiveCfg = Release|Any CPU
	EndGlobalSection
	GlobalSection(SolutionProperties) = preSolution
		HideSolutionNode = FALSE
	EndGlobalSection
EndGlobal
