
Microsoft Visual Studio Solution File, Format Version 12.00
# Visual Studio 14
VisualStudioVersion = 14.0.23107.0
MinimumVisualStudioVersion = 10.0.40219.1
Project("{FAE04EC0-301F-11D3-BF4B-00C04F79EFBC}") = "Tester", "Tester\Tester.csproj", "{1326065C-66C6-49EA-AFC9-18F942C83198}"
EndProject
Project("{FAE04EC0-301F-11D3-BF4B-00C04F79EFBC}") = "vApus.Browser", "vApus.Browser\vApus.Browser.csproj", "{ED0DE0D6-C38B-4400-A8ED-84836CAEA376}"
EndProject
Project("{FAE04EC0-301F-11D3-BF4B-00C04F79EFBC}") = "vApus.Browser.SelfHost", "vApus.Browser.SelfHost\vApus.Browser.SelfHost.csproj", "{6763EF14-F9C7-4697-BC02-897E0C6ED7F0}"
EndProject
Project("{FAE04EC0-301F-11D3-BF4B-00C04F79EFBC}") = "vApus.Browser.Firefox", "vApus.Browser.Firefox\vApus.Browser.Firefox.csproj", "{9CE6E7A6-A8EE-4EA2-977D-0A6B9C5DAD8E}"
EndProject
Project("{FAE04EC0-301F-11D3-BF4B-00C04F79EFBC}") = "vApus.Browser.Chrome", "vApus.Browser.Chrome\vApus.Browser.Chrome.csproj", "{A2A7E6A4-62E0-4F99-8977-A67AA7E40FE9}"
EndProject
Project("{FAE04EC0-301F-11D3-BF4B-00C04F79EFBC}") = "vApus.Browser.IE", "vApus.Browser.IE\vApus.Browser.IE.csproj", "{2E46742A-3ABD-421C-85C2-857607118145}"
EndProject
Global
	GlobalSection(SolutionConfigurationPlatforms) = preSolution
		Debug|Any CPU = Debug|Any CPU
		Release|Any CPU = Release|Any CPU
	EndGlobalSection
	GlobalSection(ProjectConfigurationPlatforms) = postSolution
		{1326065C-66C6-49EA-AFC9-18F942C83198}.Debug|Any CPU.ActiveCfg = Debug|Any CPU
		{1326065C-66C6-49EA-AFC9-18F942C83198}.Debug|Any CPU.Build.0 = Debug|Any CPU
		{1326065C-66C6-49EA-AFC9-18F942C83198}.Release|Any CPU.ActiveCfg = Release|Any CPU
		{1326065C-66C6-49EA-AFC9-18F942C83198}.Release|Any CPU.Build.0 = Release|Any CPU
		{ED0DE0D6-C38B-4400-A8ED-84836CAEA376}.Debug|Any CPU.ActiveCfg = Debug|Any CPU
		{ED0DE0D6-C38B-4400-A8ED-84836CAEA376}.Debug|Any CPU.Build.0 = Debug|Any CPU
		{ED0DE0D6-C38B-4400-A8ED-84836CAEA376}.Release|Any CPU.ActiveCfg = Release|Any CPU
		{ED0DE0D6-C38B-4400-A8ED-84836CAEA376}.Release|Any CPU.Build.0 = Release|Any CPU
		{6763EF14-F9C7-4697-BC02-897E0C6ED7F0}.Debug|Any CPU.ActiveCfg = Debug|Any CPU
		{6763EF14-F9C7-4697-BC02-897E0C6ED7F0}.Debug|Any CPU.Build.0 = Debug|Any CPU
		{6763EF14-F9C7-4697-BC02-897E0C6ED7F0}.Release|Any CPU.ActiveCfg = Release|Any CPU
		{6763EF14-F9C7-4697-BC02-897E0C6ED7F0}.Release|Any CPU.Build.0 = Release|Any CPU
		{9CE6E7A6-A8EE-4EA2-977D-0A6B9C5DAD8E}.Debug|Any CPU.ActiveCfg = Debug|Any CPU
		{9CE6E7A6-A8EE-4EA2-977D-0A6B9C5DAD8E}.Debug|Any CPU.Build.0 = Debug|Any CPU
		{9CE6E7A6-A8EE-4EA2-977D-0A6B9C5DAD8E}.Release|Any CPU.ActiveCfg = Release|Any CPU
		{9CE6E7A6-A8EE-4EA2-977D-0A6B9C5DAD8E}.Release|Any CPU.Build.0 = Release|Any CPU
		{A2A7E6A4-62E0-4F99-8977-A67AA7E40FE9}.Debug|Any CPU.ActiveCfg = Debug|Any CPU
		{A2A7E6A4-62E0-4F99-8977-A67AA7E40FE9}.Debug|Any CPU.Build.0 = Debug|Any CPU
		{A2A7E6A4-62E0-4F99-8977-A67AA7E40FE9}.Release|Any CPU.ActiveCfg = Release|Any CPU
		{A2A7E6A4-62E0-4F99-8977-A67AA7E40FE9}.Release|Any CPU.Build.0 = Release|Any CPU
		{2E46742A-3ABD-421C-85C2-857607118145}.Debug|Any CPU.ActiveCfg = Debug|Any CPU
		{2E46742A-3ABD-421C-85C2-857607118145}.Debug|Any CPU.Build.0 = Debug|Any CPU
		{2E46742A-3ABD-421C-85C2-857607118145}.Release|Any CPU.ActiveCfg = Release|Any CPU
		{2E46742A-3ABD-421C-85C2-857607118145}.Release|Any CPU.Build.0 = Release|Any CPU
	EndGlobalSection
	GlobalSection(SolutionProperties) = preSolution
		HideSolutionNode = FALSE
	EndGlobalSection
EndGlobal
